{
  "requires": true,
  "lockfileVersion": 1,
  "dependencies": {
    "lodash.orderby": {
      "version": "4.6.0",
      "resolved": "https://registry.npmjs.org/lodash.orderby/-/lodash.orderby-4.6.0.tgz",
      "integrity": "sha1-5pfwTOXXhSL1TZM4syuBozk+TrM="
    },
    "lodash.throttle": {
      "version": "4.1.1",
      "resolved": "https://registry.npmjs.org/lodash.throttle/-/lodash.throttle-4.1.1.tgz",
      "integrity": "sha1-wj6RtxAkKscMN/HhzaknTMOb8vQ="
    },
    "vue-agile": {
      "version": "1.1.0",
      "resolved": "https://registry.npmjs.org/vue-agile/-/vue-agile-1.1.0.tgz",
      "integrity": "sha512-uKUUSbakoCnnoJ6nkOloCBp40AuSMW/wNO3NgMnm5CVhwCRLDjZO/CcGs9PxnX7BOjYbKqugtd3QQA3ktg6huw==",
      "requires": {
        "lodash.orderby": "^4.6.0",
        "lodash.throttle": "^4.1.1"
      }
    }
  }
}
